
Microsoft Visual Studio Solution File, Format Version 12.00
# Visual Studio 2012
Project("{FAE04EC0-301F-11D3-BF4B-00C04F79EFBC}") = "EjemploModels", "EjemploModels\EjemploModels.csproj", "{DE579D5D-AC1A-4417-B522-BFA296E61EA7}"
EndProject
Project("{FAE04EC0-301F-11D3-BF4B-00C04F79EFBC}") = "EjemploModels.Tests", "EjemploModels.Tests\EjemploModels.Tests.csproj", "{2279B969-21FD-4FD2-BBE3-4C6B26B7518A}"
EndProject
Global
	GlobalSection(SolutionConfigurationPlatforms) = preSolution
		Debug|Any CPU = Debug|Any CPU
		Release|Any CPU = Release|Any CPU
	EndGlobalSection
	GlobalSection(ProjectConfigurationPlatforms) = postSolution
		{DE579D5D-AC1A-4417-B522-BFA296E61EA7}.Debug|Any CPU.ActiveCfg = Debug|Any CPU
		{DE579D5D-AC1A-4417-B522-BFA296E61EA7}.Debug|Any CPU.Build.0 = Debug|Any CPU
		{DE579D5D-AC1A-4417-B522-BFA296E61EA7}.Release|Any CPU.ActiveCfg = Release|Any CPU
		{DE579D5D-AC1A-4417-B522-BFA296E61EA7}.Release|Any CPU.Build.0 = Release|Any CPU
		{2279B969-21FD-4FD2-BBE3-4C6B26B7518A}.Debug|Any CPU.ActiveCfg = Debug|Any CPU
		{2279B969-21FD-4FD2-BBE3-4C6B26B7518A}.Debug|Any CPU.Build.0 = Debug|Any CPU
		{2279B969-21FD-4FD2-BBE3-4C6B26B7518A}.Release|Any CPU.ActiveCfg = Release|Any CPU
		{2279B969-21FD-4FD2-BBE3-4C6B26B7518A}.Release|Any CPU.Build.0 = Release|Any CPU
	EndGlobalSection
	GlobalSection(SolutionProperties) = preSolution
		HideSolutionNode = FALSE
	EndGlobalSection
EndGlobal
